
Microsoft Visual Studio Solution File, Format Version 12.00
# Visual Studio Version 17
VisualStudioVersion = 17.7.34031.279
MinimumVisualStudioVersion = 10.0.40219.1
Project("{9A19103F-16F7-4668-BE54-9A1E7A4F7556}") = "Presentation", "Presentation\Presentation.csproj", "{1362B57A-8054-4EE1-9602-2380336CB711}"
EndProject
Project("{9A19103F-16F7-4668-BE54-9A1E7A4F7556}") = "DataAccess", "DataAccess\DataAccess.csproj", "{EB5A5691-5B0B-456D-A54F-229AFBF62685}"
EndProject
Project("{9A19103F-16F7-4668-BE54-9A1E7A4F7556}") = "BusinessLogic", "BusinessLogic\BusinessLogic.csproj", "{DA919F13-10F4-4C33-B5F5-CAE4C217588B}"
EndProject
Project("{9A19103F-16F7-4668-BE54-9A1E7A4F7556}") = "Helpers", "Helpers\Helpers.csproj", "{5D857D08-BED9-4D6B-9F64-3ACF55566C3C}"
EndProject
Project("{9A19103F-16F7-4668-BE54-9A1E7A4F7556}") = "Options", "Options\Options.csproj", "{A3569108-8C62-4787-8AE9-875F80894921}"
EndProject
Project("{2150E333-8FDC-42A3-9474-1A3956D46DE8}") = "Externals", "Externals", "{AA60B86F-2672-41DB-9109-D8F48AA6B0B6}"
EndProject
Project("{2150E333-8FDC-42A3-9474-1A3956D46DE8}") = "Core", "Core", "{8418A05D-8AC7-446B-A343-3C3D20267517}"
EndProject
Global
	GlobalSection(SolutionConfigurationPlatforms) = preSolution
		Debug|Any CPU = Debug|Any CPU
		Release|Any CPU = Release|Any CPU
	EndGlobalSection
	GlobalSection(ProjectConfigurationPlatforms) = postSolution
		{1362B57A-8054-4EE1-9602-2380336CB711}.Debug|Any CPU.ActiveCfg = Debug|Any CPU
		{1362B57A-8054-4EE1-9602-2380336CB711}.Debug|Any CPU.Build.0 = Debug|Any CPU
		{1362B57A-8054-4EE1-9602-2380336CB711}.Release|Any CPU.ActiveCfg = Release|Any CPU
		{1362B57A-8054-4EE1-9602-2380336CB711}.Release|Any CPU.Build.0 = Release|Any CPU
		{EB5A5691-5B0B-456D-A54F-229AFBF62685}.Debug|Any CPU.ActiveCfg = Debug|Any CPU
		{EB5A5691-5B0B-456D-A54F-229AFBF62685}.Debug|Any CPU.Build.0 = Debug|Any CPU
		{EB5A5691-5B0B-456D-A54F-229AFBF62685}.Release|Any CPU.ActiveCfg = Release|Any CPU
		{EB5A5691-5B0B-456D-A54F-229AFBF62685}.Release|Any CPU.Build.0 = Release|Any CPU
		{DA919F13-10F4-4C33-B5F5-CAE4C217588B}.Debug|Any CPU.ActiveCfg = Debug|Any CPU
		{DA919F13-10F4-4C33-B5F5-CAE4C217588B}.Debug|Any CPU.Build.0 = Debug|Any CPU
		{DA919F13-10F4-4C33-B5F5-CAE4C217588B}.Release|Any CPU.ActiveCfg = Release|Any CPU
		{DA919F13-10F4-4C33-B5F5-CAE4C217588B}.Release|Any CPU.Build.0 = Release|Any CPU
		{5D857D08-BED9-4D6B-9F64-3ACF55566C3C}.Debug|Any CPU.ActiveCfg = Debug|Any CPU
		{5D857D08-BED9-4D6B-9F64-3ACF55566C3C}.Debug|Any CPU.Build.0 = Debug|Any CPU
		{5D857D08-BED9-4D6B-9F64-3ACF55566C3C}.Release|Any CPU.ActiveCfg = Release|Any CPU
		{5D857D08-BED9-4D6B-9F64-3ACF55566C3C}.Release|Any CPU.Build.0 = Release|Any CPU
		{A3569108-8C62-4787-8AE9-875F80894921}.Debug|Any CPU.ActiveCfg = Debug|Any CPU
		{A3569108-8C62-4787-8AE9-875F80894921}.Debug|Any CPU.Build.0 = Debug|Any CPU
		{A3569108-8C62-4787-8AE9-875F80894921}.Release|Any CPU.ActiveCfg = Release|Any CPU
		{A3569108-8C62-4787-8AE9-875F80894921}.Release|Any CPU.Build.0 = Release|Any CPU
	EndGlobalSection
	GlobalSection(SolutionProperties) = preSolution
		HideSolutionNode = FALSE
	EndGlobalSection
	GlobalSection(NestedProjects) = preSolution
		{1362B57A-8054-4EE1-9602-2380336CB711} = {AA60B86F-2672-41DB-9109-D8F48AA6B0B6}
		{EB5A5691-5B0B-456D-A54F-229AFBF62685} = {8418A05D-8AC7-446B-A343-3C3D20267517}
		{DA919F13-10F4-4C33-B5F5-CAE4C217588B} = {8418A05D-8AC7-446B-A343-3C3D20267517}
		{5D857D08-BED9-4D6B-9F64-3ACF55566C3C} = {AA60B86F-2672-41DB-9109-D8F48AA6B0B6}
		{A3569108-8C62-4787-8AE9-875F80894921} = {AA60B86F-2672-41DB-9109-D8F48AA6B0B6}
	EndGlobalSection
	GlobalSection(ExtensibilityGlobals) = postSolution
		SolutionGuid = {3191ABA3-F37F-4461-85F4-261E5F6549A6}
	EndGlobalSection
EndGlobal
